
Microsoft Visual Studio Solution File, Format Version 12.00
# Visual Studio Version 17
VisualStudioVersion = 17.7.34031.279
MinimumVisualStudioVersion = 10.0.40219.1
Project("{FAE04EC0-301F-11D3-BF4B-00C04F79EFBC}") = "PersonalTracking", "PersonalTracking\PersonalTracking.csproj", "{4F0D44E4-2F94-45C4-B80E-04DA0F178D8A}"
EndProject
Project("{FAE04EC0-301F-11D3-BF4B-00C04F79EFBC}") = "BLL", "BLL\BLL.csproj", "{762F4AD9-83BB-4F70-BAA4-D6F354E45141}"
EndProject
Project("{FAE04EC0-301F-11D3-BF4B-00C04F79EFBC}") = "DAL", "DAL\DAL.csproj", "{2E17A6FD-4493-4A1F-8DB6-DB7C8E33D07C}"
EndProject
Global
	GlobalSection(SolutionConfigurationPlatforms) = preSolution
		Debug|Any CPU = Debug|Any CPU
		Release|Any CPU = Release|Any CPU
	EndGlobalSection
	GlobalSection(ProjectConfigurationPlatforms) = postSolution
		{4F0D44E4-2F94-45C4-B80E-04DA0F178D8A}.Debug|Any CPU.ActiveCfg = Debug|Any CPU
		{4F0D44E4-2F94-45C4-B80E-04DA0F178D8A}.Debug|Any CPU.Build.0 = Debug|Any CPU
		{4F0D44E4-2F94-45C4-B80E-04DA0F178D8A}.Release|Any CPU.ActiveCfg = Release|Any CPU
		{4F0D44E4-2F94-45C4-B80E-04DA0F178D8A}.Release|Any CPU.Build.0 = Release|Any CPU
		{762F4AD9-83BB-4F70-BAA4-D6F354E45141}.Debug|Any CPU.ActiveCfg = Debug|Any CPU
		{762F4AD9-83BB-4F70-BAA4-D6F354E45141}.Debug|Any CPU.Build.0 = Debug|Any CPU
		{762F4AD9-83BB-4F70-BAA4-D6F354E45141}.Release|Any CPU.ActiveCfg = Release|Any CPU
		{762F4AD9-83BB-4F70-BAA4-D6F354E45141}.Release|Any CPU.Build.0 = Release|Any CPU
		{2E17A6FD-4493-4A1F-8DB6-DB7C8E33D07C}.Debug|Any CPU.ActiveCfg = Debug|Any CPU
		{2E17A6FD-4493-4A1F-8DB6-DB7C8E33D07C}.Debug|Any CPU.Build.0 = Debug|Any CPU
		{2E17A6FD-4493-4A1F-8DB6-DB7C8E33D07C}.Release|Any CPU.ActiveCfg = Release|Any CPU
		{2E17A6FD-4493-4A1F-8DB6-DB7C8E33D07C}.Release|Any CPU.Build.0 = Release|Any CPU
	EndGlobalSection
	GlobalSection(SolutionProperties) = preSolution
		HideSolutionNode = FALSE
	EndGlobalSection
	GlobalSection(ExtensibilityGlobals) = postSolution
		SolutionGuid = {508BDFD9-06BB-42C2-AEBD-5F62909104EF}
	EndGlobalSection
EndGlobal
